{
  "name": "pi-runtime-deps",
  "version": "0.74.0",
  "lockfileVersion": 3,
  "requires": true,
  "packages": {
    "": {
      "name": "pi-runtime-deps",
      "version": "0.74.0",
      "dependencies": {
        "@mariozechner/clipboard": "^0.3.5"
      }
    },
    "node_modules/@mariozechner/clipboard": {
      "version": "0.3.5",
      "resolved": "https://registry.npmjs.org/@mariozechner/clipboard/-/clipboard-0.3.5.tgz",
      "integrity": "sha512-D3F+UrU9CR7roJt0zDLp6Oc+4/KlLDIrN4frH+6V90SJNW2KKUec1oCQIPaaDjCqeOsQyX9dyqYbImIQIM45PA==",
      "license": "MIT",
      "engines": {
        "node": ">= 10"
      },
      "optionalDependencies": {
        "@mariozechner/clipboard-darwin-arm64": "0.3.2",
        "@mariozechner/clipboard-darwin-universal": "0.3.2",
        "@mariozechner/clipboard-darwin-x64": "0.3.2",
        "@mariozechner/clipboard-linux-arm64-gnu": "0.3.2",
        "@mariozechner/clipboard-linux-arm64-musl": "0.3.2",
        "@mariozechner/clipboard-linux-riscv64-gnu": "0.3.2",
        "@mariozechner/clipboard-linux-x64-gnu": "0.3.2",
        "@mariozechner/clipboard-linux-x64-musl": "0.3.2",
        "@mariozechner/clipboard-win32-arm64-msvc": "0.3.2",
        "@mariozechner/clipboard-win32-x64-msvc": "0.3.2"
      }
    },
    "node_modules/@mariozechner/clipboard-darwin-arm64": {
      "version": "0.3.2",
      "resolved": "https://registry.npmjs.org/@mariozechner/clipboard-darwin-arm64/-/clipboard-darwin-arm64-0.3.2.tgz",
      "integrity": "sha512-uBf6K7Je1ihsgvmWxA8UCGCeI+nbRVRXoarZdLjl6slz94Zs1tNKFZqx7aCI5O1i3e0B6ja82zZ06BWrl0MCVw==",
      "cpu": [
        "arm64"
      ],
      "license": "MIT",
      "optional": true,
      "os": [
        "darwin"
      ],
      "engines": {
        "node": ">= 10"
      }
    },
    "node_modules/@mariozechner/clipboard-darwin-universal": {
      "version": "0.3.2",
      "resolved": "https://registry.npmjs.org/@mariozechner/clipboard-darwin-universal/-/clipboard-darwin-universal-0.3.2.tgz",
      "integrity": "sha512-mxSheKTW2U9LsBdXy0SdmdCAE5HqNS9QUmpNHLnfJ+SsbFKALjEZc5oRrVMXxGQSirDvYf5bjmRyT0QYYonnlg==",
      "license": "MIT",
      "optional": true,
      "os": [
        "darwin"
      ],
      "engines": {
        "node": ">= 10"
      }
    },
    "node_modules/@mariozechner/clipboard-darwin-x64": {
      "version": "0.3.2",
      "resolved": "https://registry.npmjs.org/@mariozechner/clipboard-darwin-x64/-/clipboard-darwin-x64-0.3.2.tgz",
      "integrity": "sha512-U1BcVEoidvwIp95+HJswSW+xr28EQiHR7rZjH6pn8Sja5yO4Yoe3yCN0Zm8Lo72BbSOK/fTSq0je7CJpaPCspg==",
      "cpu": [
        "x64"
      ],
      "license": "MIT",
      "optional": true,
      "os": [
        "darwin"
      ],
      "engines": {
        "node": ">= 10"
      }
    },
    "node_modules/@mariozechner/clipboard-linux-arm64-gnu": {
      "version": "0.3.2",
      "resolved": "https://registry.npmjs.org/@mariozechner/clipboard-linux-arm64-gnu/-/clipboard-linux-arm64-gnu-0.3.2.tgz",
      "integrity": "sha512-BsinwG3yWTIjdgNCxsFlip7LkfwPk+ruw/aFCXHUg/fb5XC/Ksp+YMQ7u0LUtiKzIv/7LMXgZInJQH6gxbAaqQ==",
      "cpu": [
        "arm64"
      ],
      "libc": [
        "glibc"
      ],
      "license": "MIT",
      "optional": true,
      "os": [
        "linux"
      ],
      "engines": {
        "node": ">= 10"
      }
    },
    "node_modules/@mariozechner/clipboard-linux-arm64-musl": {
      "version": "0.3.2",
      "resolved": "https://registry.npmjs.org/@mariozechner/clipboard-linux-arm64-musl/-/clipboard-linux-arm64-musl-0.3.2.tgz",
      "integrity": "sha512-0/Gi5Xq2V6goXBop19ePoHvXsmJD9SzFlO3S+d6+T2b+BlPcpOu3Oa0wTjl+cZrLAAEzA86aPNBI+VVAFDFPKw==",
      "cpu": [
        "arm64"
      ],
      "libc": [
        "musl"
      ],
      "license": "MIT",
      "optional": true,
      "os": [
        "linux"
      ],
      "engines": {
        "node": ">= 10"
      }
    },
    "node_modules/@mariozechner/clipboard-linux-riscv64-gnu": {
      "version": "0.3.2",
      "resolved": "https://registry.npmjs.org/@mariozechner/clipboard-linux-riscv64-gnu/-/clipboard-linux-riscv64-gnu-0.3.2.tgz",
      "integrity": "sha512-2AFFiXB24qf0zOZsxI1GJGb9wQGlOJyN6UwoXqmKS3dpQi/l6ix30IzDDA4c4ZcCcx4D+9HLYXhC1w7Sov8pXA==",
      "cpu": [
        "riscv64"
      ],
      "libc": [
        "glibc"
      ],
      "license": "MIT",
      "optional": true,
      "os": [
        "linux"
      ],
      "engines": {
        "node": ">= 10"
      }
    },
    "node_modules/@mariozechner/clipboard-linux-x64-gnu": {
      "version": "0.3.2",
      "resolved": "https://registry.npmjs.org/@mariozechner/clipboard-linux-x64-gnu/-/clipboard-linux-x64-gnu-0.3.2.tgz",
      "integrity": "sha512-v6fVnsn7WMGg73Dab8QMwyFce7tzGfgEixKgzLP8f1GJqkJZi5zO4k4FOHzSgUufgLil63gnxvMpjWkgfeQN7A==",
      "cpu": [
        "x64"
      ],
      "libc": [
        "glibc"
      ],
      "license": "MIT",
      "optional": true,
      "os": [
        "linux"
      ],
      "engines": {
        "node": ">= 10"
      }
    },
    "node_modules/@mariozechner/clipboard-linux-x64-musl": {
      "version": "0.3.2",
      "resolved": "https://registry.npmjs.org/@mariozechner/clipboard-linux-x64-musl/-/clipboard-linux-x64-musl-0.3.2.tgz",
      "integrity": "sha512-xVUtnoMQ8v2JVyfJLKKXACA6avdnchdbBkTsZs8BgJQo29qwCp5NIHAUO8gbJ40iaEGToW5RlmVk2M9V0HsHEw==",
      "cpu": [
        "x64"
      ],
      "libc": [
        "musl"
      ],
      "license": "MIT",
      "optional": true,
      "os": [
        "linux"
      ],
      "engines": {
        "node": ">= 10"
      }
    },
    "node_modules/@mariozechner/clipboard-win32-arm64-msvc": {
      "version": "0.3.2",
      "resolved": "https://registry.npmjs.org/@mariozechner/clipboard-win32-arm64-msvc/-/clipboard-win32-arm64-msvc-0.3.2.tgz",
      "integrity": "sha512-AEgg95TNi8TGgak2wSXZkXKCvAUTjWoU1Pqb0ON7JHrX78p616XUFNTJohtIon3e0w6k0pYPZeCuqRCza/Tqeg==",
      "cpu": [
        "arm64"
      ],
      "license": "MIT",
      "optional": true,
      "os": [
        "win32"
      ],
      "engines": {
        "node": ">= 10"
      }
    },
    "node_modules/@mariozechner/clipboard-win32-x64-msvc": {
      "version": "0.3.2",
      "resolved": "https://registry.npmjs.org/@mariozechner/clipboard-win32-x64-msvc/-/clipboard-win32-x64-msvc-0.3.2.tgz",
      "integrity": "sha512-tGRuYpZwDOD7HBrCpyRuhGnHHSCknELvqwKKUG4JSfSB7JIU7LKRh6zx6fMUOQd8uISK35TjFg5UcNih+vJhFA==",
      "cpu": [
        "x64"
      ],
      "license": "MIT",
      "optional": true,
      "os": [
        "win32"
      ],
      "engines": {
        "node": ">= 10"
      }
    }
  }
}
