{
  "name": "pi-runtime-deps",
  "version": "0.70.6",
  "lockfileVersion": 3,
  "requires": true,
  "packages": {
    "": {
      "name": "pi-runtime-deps",
      "version": "0.70.6",
      "dependencies": {
        "@mariozechner/clipboard": "^0.3.3"
      }
    },
    "node_modules/@mariozechner/clipboard": {
      "version": "0.3.3",
      "resolved": "https://registry.npmjs.org/@mariozechner/clipboard/-/clipboard-0.3.3.tgz",
      "integrity": "sha512-e7jASirzfm+ROiOGFh843+cFZTy3DfzP+jldCvh8RnEk0C3QihDTn7dd7Yh7KAJydwIJ18FJSZ2swHvCJhk18g==",
      "license": "MIT",
      "engines": {
        "node": ">= 10"
      },
      "optionalDependencies": {
        "@mariozechner/clipboard-darwin-arm64": "0.3.3",
        "@mariozechner/clipboard-darwin-universal": "0.3.3",
        "@mariozechner/clipboard-darwin-x64": "0.3.3",
        "@mariozechner/clipboard-linux-arm64-gnu": "0.3.3",
        "@mariozechner/clipboard-linux-arm64-musl": "0.3.3",
        "@mariozechner/clipboard-linux-riscv64-gnu": "0.3.3",
        "@mariozechner/clipboard-linux-x64-gnu": "0.3.3",
        "@mariozechner/clipboard-linux-x64-musl": "0.3.3",
        "@mariozechner/clipboard-win32-arm64-msvc": "0.3.3",
        "@mariozechner/clipboard-win32-x64-msvc": "0.3.3"
      }
    },
    "node_modules/@mariozechner/clipboard-darwin-arm64": {
      "version": "0.3.3",
      "resolved": "https://registry.npmjs.org/@mariozechner/clipboard-darwin-arm64/-/clipboard-darwin-arm64-0.3.3.tgz",
      "integrity": "sha512-+zhuZGXqVrdkbIRdnwiZNbTJ7V3elq/A+C5d5laJoyhJgWs41eO5NUMkBkj6f23F2L4PRXEhdn5/ktlPx+bG3Q==",
      "cpu": [
        "arm64"
      ],
      "license": "MIT",
      "optional": true,
      "os": [
        "darwin"
      ],
      "engines": {
        "node": ">= 10"
      }
    },
    "node_modules/@mariozechner/clipboard-darwin-universal": {
      "version": "0.3.3",
      "resolved": "https://registry.npmjs.org/@mariozechner/clipboard-darwin-universal/-/clipboard-darwin-universal-0.3.3.tgz",
      "integrity": "sha512-x9aRfTyndVqpEQ44LNNCK/EXZd9y8rWkLQgNhmWpby9PXrjPhNxfjUc2Db4mt4nJjU/4zzO8F5v/XyzlUGSdhQ==",
      "license": "MIT",
      "optional": true,
      "os": [
        "darwin"
      ],
      "engines": {
        "node": ">= 10"
      }
    },
    "node_modules/@mariozechner/clipboard-darwin-x64": {
      "version": "0.3.3",
      "resolved": "https://registry.npmjs.org/@mariozechner/clipboard-darwin-x64/-/clipboard-darwin-x64-0.3.3.tgz",
      "integrity": "sha512-6ut/NawB0KiYPCwrirgNp6Br62LntL978q7G6d/Rs2pmPvQb53bP96eUMYl+Y3a7Qk13bGZ4w9rVPFxRE9m9ag==",
      "cpu": [
        "x64"
      ],
      "license": "MIT",
      "optional": true,
      "os": [
        "darwin"
      ],
      "engines": {
        "node": ">= 10"
      }
    },
    "node_modules/@mariozechner/clipboard-linux-arm64-gnu": {
      "version": "0.3.3",
      "resolved": "https://registry.npmjs.org/@mariozechner/clipboard-linux-arm64-gnu/-/clipboard-linux-arm64-gnu-0.3.3.tgz",
      "integrity": "sha512-gf3dH4kBddU1AOyHVB53mjLUFfJAKlTmxTMw51jdeg7eE7IjfEBXVvM4bifMtBxbWkT0eA0FUZ1C0KQ6Z5l6pw==",
      "cpu": [
        "arm64"
      ],
      "libc": [
        "glibc"
      ],
      "license": "MIT",
      "optional": true,
      "os": [
        "linux"
      ],
      "engines": {
        "node": ">= 10"
      }
    },
    "node_modules/@mariozechner/clipboard-linux-arm64-musl": {
      "version": "0.3.3",
      "resolved": "https://registry.npmjs.org/@mariozechner/clipboard-linux-arm64-musl/-/clipboard-linux-arm64-musl-0.3.3.tgz",
      "integrity": "sha512-o1paj2+zmAQ/LaPS85XJCxhNowNQpxYM2cGY6pWvB5Kqmz6hZjl6CzDg5tbf1hZkn/Em6jpOaE2UtMxKdELBDA==",
      "cpu": [
        "arm64"
      ],
      "libc": [
        "musl"
      ],
      "license": "MIT",
      "optional": true,
      "os": [
        "linux"
      ],
      "engines": {
        "node": ">= 10"
      }
    },
    "node_modules/@mariozechner/clipboard-linux-riscv64-gnu": {
      "version": "0.3.3",
      "resolved": "https://registry.npmjs.org/@mariozechner/clipboard-linux-riscv64-gnu/-/clipboard-linux-riscv64-gnu-0.3.3.tgz",
      "integrity": "sha512-dkEhE4ekePJwMbBq9HP1//CFMNmDzA/iV9AXqBfvL5CWmmDIRXqh4A3YZt3tWO/HdMerX+xNCEiR7WiOsIG+UA==",
      "cpu": [
        "riscv64"
      ],
      "libc": [
        "glibc"
      ],
      "license": "MIT",
      "optional": true,
      "os": [
        "linux"
      ],
      "engines": {
        "node": ">= 10"
      }
    },
    "node_modules/@mariozechner/clipboard-linux-x64-gnu": {
      "version": "0.3.3",
      "resolved": "https://registry.npmjs.org/@mariozechner/clipboard-linux-x64-gnu/-/clipboard-linux-x64-gnu-0.3.3.tgz",
      "integrity": "sha512-lT2yANtTLlEtFBIH3uGoRa/CQas/eBoLNi3qr9axQFoRgF4RGPSJ66yHOSnMECBneTIb1Iqv3UxokTfX27CdoQ==",
      "cpu": [
        "x64"
      ],
      "libc": [
        "glibc"
      ],
      "license": "MIT",
      "optional": true,
      "os": [
        "linux"
      ],
      "engines": {
        "node": ">= 10"
      }
    },
    "node_modules/@mariozechner/clipboard-linux-x64-musl": {
      "version": "0.3.3",
      "resolved": "https://registry.npmjs.org/@mariozechner/clipboard-linux-x64-musl/-/clipboard-linux-x64-musl-0.3.3.tgz",
      "integrity": "sha512-saq/MCB0QHK/7ZZLjAZ0QkbY944dyjOsur8gneGCfMitt+GOiE1CU4OUipHC4b6x8UDY9bRLsR4aBaxu22OFPA==",
      "cpu": [
        "x64"
      ],
      "libc": [
        "musl"
      ],
      "license": "MIT",
      "optional": true,
      "os": [
        "linux"
      ],
      "engines": {
        "node": ">= 10"
      }
    },
    "node_modules/@mariozechner/clipboard-win32-arm64-msvc": {
      "version": "0.3.3",
      "resolved": "https://registry.npmjs.org/@mariozechner/clipboard-win32-arm64-msvc/-/clipboard-win32-arm64-msvc-0.3.3.tgz",
      "integrity": "sha512-cGuvSj0/2X2w983yEcKw+i+r1EBej6ZZIN+fXG3eY2G/HaIQpbXpLvMxKyZ9LKtbZx+Z6q/gELEoSBMLML6BaQ==",
      "cpu": [
        "arm64"
      ],
      "license": "MIT",
      "optional": true,
      "os": [
        "win32"
      ],
      "engines": {
        "node": ">= 10"
      }
    },
    "node_modules/@mariozechner/clipboard-win32-x64-msvc": {
      "version": "0.3.3",
      "resolved": "https://registry.npmjs.org/@mariozechner/clipboard-win32-x64-msvc/-/clipboard-win32-x64-msvc-0.3.3.tgz",
      "integrity": "sha512-5hvaEq/bgYovTIGx43O/S7loIHYV3ue90WcV1dz0wdMXroVKZKeU/yfwM0PALQA1OcrEHiGXGySFReXr72lGtA==",
      "cpu": [
        "x64"
      ],
      "license": "MIT",
      "optional": true,
      "os": [
        "win32"
      ],
      "engines": {
        "node": ">= 10"
      }
    }
  }
}
